
Microsoft Visual Studio Solution File, Format Version 12.00
# Visual Studio Version 16
VisualStudioVersion = 16.0.31105.61
MinimumVisualStudioVersion = 10.0.40219.1
Project("{FAE04EC0-301F-11D3-BF4B-00C04F79EFBC}") = "MLFileSelector", "MLFileSelector.csproj", "{57DAF838-9471-4F1A-82CF-96B0939D14FB}"
EndProject
Project("{54435603-DBB4-11D2-8724-00A0C9A8B90C}") = "setup", "installer\setup\setup.vdproj", "{2E8A0780-9003-4B43-851A-CA0CB664FFB2}"
EndProject
Global
	GlobalSection(SolutionConfigurationPlatforms) = preSolution
		Debug|Any CPU = Debug|Any CPU
		Release|Any CPU = Release|Any CPU
	EndGlobalSection
	GlobalSection(ProjectConfigurationPlatforms) = postSolution
		{57DAF838-9471-4F1A-82CF-96B0939D14FB}.Debug|Any CPU.ActiveCfg = Debug|Any CPU
		{57DAF838-9471-4F1A-82CF-96B0939D14FB}.Debug|Any CPU.Build.0 = Debug|Any CPU
		{57DAF838-9471-4F1A-82CF-96B0939D14FB}.Release|Any CPU.ActiveCfg = Release|Any CPU
		{57DAF838-9471-4F1A-82CF-96B0939D14FB}.Release|Any CPU.Build.0 = Release|Any CPU
		{2E8A0780-9003-4B43-851A-CA0CB664FFB2}.Debug|Any CPU.ActiveCfg = Debug
		{2E8A0780-9003-4B43-851A-CA0CB664FFB2}.Release|Any CPU.ActiveCfg = Release
	EndGlobalSection
	GlobalSection(SolutionProperties) = preSolution
		HideSolutionNode = FALSE
	EndGlobalSection
	GlobalSection(ExtensibilityGlobals) = postSolution
		SolutionGuid = {2F95B481-A225-4741-8CD5-C6AA0A92E411}
	EndGlobalSection
EndGlobal
